
Microsoft Visual Studio Solution File, Format Version 12.00
# Visual Studio 15
VisualStudioVersion = 15.0.28307.168
MinimumVisualStudioVersion = 10.0.40219.1
Project("{FAE04EC0-301F-11D3-BF4B-00C04F79EFBC}") = "Zadacha2", "Zadacha2.csproj", "{20B65E44-34B1-4378-9F87-1A4F48E1041D}"
EndProject
Global
	GlobalSection(SolutionConfigurationPlatforms) = preSolution
		Debug|Any CPU = Debug|Any CPU
		Release|Any CPU = Release|Any CPU
	EndGlobalSection
	GlobalSection(ProjectConfigurationPlatforms) = postSolution
		{20B65E44-34B1-4378-9F87-1A4F48E1041D}.Debug|Any CPU.ActiveCfg = Debug|Any CPU
		{20B65E44-34B1-4378-9F87-1A4F48E1041D}.Debug|Any CPU.Build.0 = Debug|Any CPU
		{20B65E44-34B1-4378-9F87-1A4F48E1041D}.Release|Any CPU.ActiveCfg = Release|Any CPU
		{20B65E44-34B1-4378-9F87-1A4F48E1041D}.Release|Any CPU.Build.0 = Release|Any CPU
	EndGlobalSection
	GlobalSection(SolutionProperties) = preSolution
		HideSolutionNode = FALSE
	EndGlobalSection
	GlobalSection(ExtensibilityGlobals) = postSolution
		SolutionGuid = {25226BBF-A818-4DBF-9AD1-5EB069C8D190}
	EndGlobalSection
EndGlobal
