
Microsoft Visual Studio Solution File, Format Version 12.00
# Visual Studio 15
VisualStudioVersion = 15.0.28307.168
MinimumVisualStudioVersion = 10.0.40219.1
Project("{FAE04EC0-301F-11D3-BF4B-00C04F79EFBC}") = "Zadacha6", "Zadacha6.csproj", "{C2C53DC2-8401-40C2-86B9-F2A10BC92A2E}"
EndProject
Global
	GlobalSection(SolutionConfigurationPlatforms) = preSolution
		Debug|Any CPU = Debug|Any CPU
		Release|Any CPU = Release|Any CPU
	EndGlobalSection
	GlobalSection(ProjectConfigurationPlatforms) = postSolution
		{C2C53DC2-8401-40C2-86B9-F2A10BC92A2E}.Debug|Any CPU.ActiveCfg = Debug|Any CPU
		{C2C53DC2-8401-40C2-86B9-F2A10BC92A2E}.Debug|Any CPU.Build.0 = Debug|Any CPU
		{C2C53DC2-8401-40C2-86B9-F2A10BC92A2E}.Release|Any CPU.ActiveCfg = Release|Any CPU
		{C2C53DC2-8401-40C2-86B9-F2A10BC92A2E}.Release|Any CPU.Build.0 = Release|Any CPU
	EndGlobalSection
	GlobalSection(SolutionProperties) = preSolution
		HideSolutionNode = FALSE
	EndGlobalSection
	GlobalSection(ExtensibilityGlobals) = postSolution
		SolutionGuid = {32C5B142-3DFA-4CB6-9890-C40C17D0F4C0}
	EndGlobalSection
EndGlobal
