
Microsoft Visual Studio Solution File, Format Version 12.00
# Visual Studio 15
VisualStudioVersion = 15.0.28307.168
MinimumVisualStudioVersion = 10.0.40219.1
Project("{FAE04EC0-301F-11D3-BF4B-00C04F79EFBC}") = "Zadacha1", "Zadacha1.csproj", "{16E846FE-7D19-46AA-94D2-2687A5490A7B}"
EndProject
Global
	GlobalSection(SolutionConfigurationPlatforms) = preSolution
		Debug|Any CPU = Debug|Any CPU
		Release|Any CPU = Release|Any CPU
	EndGlobalSection
	GlobalSection(ProjectConfigurationPlatforms) = postSolution
		{16E846FE-7D19-46AA-94D2-2687A5490A7B}.Debug|Any CPU.ActiveCfg = Debug|Any CPU
		{16E846FE-7D19-46AA-94D2-2687A5490A7B}.Debug|Any CPU.Build.0 = Debug|Any CPU
		{16E846FE-7D19-46AA-94D2-2687A5490A7B}.Release|Any CPU.ActiveCfg = Release|Any CPU
		{16E846FE-7D19-46AA-94D2-2687A5490A7B}.Release|Any CPU.Build.0 = Release|Any CPU
	EndGlobalSection
	GlobalSection(SolutionProperties) = preSolution
		HideSolutionNode = FALSE
	EndGlobalSection
	GlobalSection(ExtensibilityGlobals) = postSolution
		SolutionGuid = {E372AC78-8299-4368-8BB0-0C160F043433}
	EndGlobalSection
EndGlobal
